{
  "name": "portfolio",
  "version": "1.0.0",
  "lockfileVersion": 1,
  "requires": true,
  "dependencies": {
    "@babel/code-frame": {
      "version": "7.8.3",
      "resolved": "https://registry.npmjs.org/@babel/code-frame/-/code-frame-7.8.3.tgz",
      "integrity": "sha512-a9gxpmdXtZEInkCSHUJDLHZVBgb1QS0jhss4cPP93EW7s+uC5bikET2twEF3KV+7rDblJcmNvTR7VJejqd2C2g==",
      "dev": true,
      "requires": {
        "@babel/highlight": "^7.8.3"
      }
    },
    "@babel/helper-validator-identifier": {
      "version": "7.9.5",
      "resolved": "https://registry.npmjs.org/@babel/helper-validator-identifier/-/helper-validator-identifier-7.9.5.tgz",
      "integrity": "sha512-/8arLKUFq882w4tWGj9JYzRpAlZgiWUJ+dtteNTDqrRBz9Iguck9Rn3ykuBDoUwh2TO4tSAJlrxDUOXWklJe4g==",
      "dev": true
    },
    "@babel/highlight": {
      "version": "7.9.0",
      "resolved": "https://registry.npmjs.org/@babel/highlight/-/highlight-7.9.0.tgz",
      "integrity": "sha512-lJZPilxX7Op3Nv/2cvFdnlepPXDxi29wxteT57Q965oc5R9v86ztx0jfxVrTcBk8C2kcPkkDa2Z4T3ZsPPVWsQ==",
      "dev": true,
      "requires": {
        "@babel/helper-validator-identifier": "^7.9.0",
        "chalk": "^2.0.0",
        "js-tokens": "^4.0.0"
      }
    },
    "@next/env": {
      "version": "13.0.3",
      "resolved": "https://registry.npmjs.org/@next/env/-/env-13.0.3.tgz",
      "integrity": "sha512-/4WzeG61Ot/PxsghXkSqQJ6UohFfwXoZ3dtsypmR9EBP+OIax9JRq0trq8Z/LCT9Aq4JbihVkaazRWguORjTAw=="
    },
    "@next/swc-android-arm-eabi": {
      "version": "13.0.3",
      "resolved": "https://registry.npmjs.org/@next/swc-android-arm-eabi/-/swc-android-arm-eabi-13.0.3.tgz",
      "integrity": "sha512-uxfUoj65CdFc1gX2q7GtBX3DhKv9Kn343LMqGNvXyuTpYTGMmIiVY7b9yF8oLWRV0gVKqhZBZifUmoPE8SJU6Q==",
      "optional": true
    },
    "@next/swc-android-arm64": {
      "version": "13.0.3",
      "resolved": "https://registry.npmjs.org/@next/swc-android-arm64/-/swc-android-arm64-13.0.3.tgz",
      "integrity": "sha512-t2k+WDfg7Cq2z/EnalKGsd/9E5F4Hdo1xu+UzZXYDpKUI9zgE6Bz8ajQb8m8txv3qOaWdKuDa5j5ziq9Acd1Xw==",
      "optional": true
    },
    "@next/swc-darwin-arm64": {
      "version": "13.0.3",
      "resolved": "https://registry.npmjs.org/@next/swc-darwin-arm64/-/swc-darwin-arm64-13.0.3.tgz",
      "integrity": "sha512-wV6j6SZ1bc/YHOLCLk9JVqaZTCCey6HBV7inl2DriHsHqIcO6F3+QiYf0KXwRP9BE0GSZZrYd5mZQm2JPTHdJA==",
      "optional": true
    },
    "@next/swc-darwin-x64": {
      "version": "13.0.3",
      "resolved": "https://registry.npmjs.org/@next/swc-darwin-x64/-/swc-darwin-x64-13.0.3.tgz",
      "integrity": "sha512-jaI2CMuYWvUtRixV3AIjUhnxUDU1FKOR+8hADMhYt3Yz+pCKuj4RZ0n0nY5qUf3qT1AtvnJXEgyatSFJhSp/wQ==",
      "optional": true
    },
    "@next/swc-freebsd-x64": {
      "version": "13.0.3",
      "resolved": "https://registry.npmjs.org/@next/swc-freebsd-x64/-/swc-freebsd-x64-13.0.3.tgz",
      "integrity": "sha512-nbyT0toBTJrcj5TCB9pVnQpGJ3utGyQj4CWegZs1ulaeUQ5Z7CS/qt8nRyYyOKYHtOdSCJ9Nw5F/RgKNkdpOdw==",
      "optional": true
    },
    "@next/swc-linux-arm-gnueabihf": {
      "version": "13.0.3",
      "resolved": "https://registry.npmjs.org/@next/swc-linux-arm-gnueabihf/-/swc-linux-arm-gnueabihf-13.0.3.tgz",
      "integrity": "sha512-1naLxYvRUQCoFCU1nMkcQueRc0Iux9xBv1L5pzH2ejtIWFg8BrSgyuluJG4nyAhFCx4WG863IEIkAaefOowVdA==",
      "optional": true
    },
    "@next/swc-linux-arm64-gnu": {
      "version": "13.0.3",
      "resolved": "https://registry.npmjs.org/@next/swc-linux-arm64-gnu/-/swc-linux-arm64-gnu-13.0.3.tgz",
      "integrity": "sha512-3Z4A8JkuGWpMVbUhUPQInK/SLY+kijTT78Q/NZCrhLlyvwrVxaQALJNlXzxDLraUgv4oVH0Wz/FIw1W9PUUhxA==",
      "optional": true
    },
    "@next/swc-linux-arm64-musl": {
      "version": "13.0.3",
      "resolved": "https://registry.npmjs.org/@next/swc-linux-arm64-musl/-/swc-linux-arm64-musl-13.0.3.tgz",
      "integrity": "sha512-MoYe9SM40UaunTjC+01c9OILLH3uSoeri58kDMu3KF/EFEvn1LZ6ODeDj+SLGlAc95wn46hrRJS2BPmDDE+jFQ==",
      "optional": true
    },
    "@next/swc-linux-x64-gnu": {
      "version": "13.0.3",
      "resolved": "https://registry.npmjs.org/@next/swc-linux-x64-gnu/-/swc-linux-x64-gnu-13.0.3.tgz",
      "integrity": "sha512-z22T5WGnRanjLMXdF0NaNjSpBlEzzY43t5Ysp3nW1oI6gOkub6WdQNZeHIY7A2JwkgSWZmtjLtf+Fzzz38LHeQ==",
      "optional": true
    },
    "@next/swc-linux-x64-musl": {
      "version": "13.0.3",
      "resolved": "https://registry.npmjs.org/@next/swc-linux-x64-musl/-/swc-linux-x64-musl-13.0.3.tgz",
      "integrity": "sha512-ZOMT7zjBFmkusAtr47k8xs/oTLsNlTH6xvYb+iux7yly2hZGwhfBLzPGBsbeMZukZ96IphJTagT+C033s6LNVA==",
      "optional": true
    },
    "@next/swc-win32-arm64-msvc": {
      "version": "13.0.3",
      "resolved": "https://registry.npmjs.org/@next/swc-win32-arm64-msvc/-/swc-win32-arm64-msvc-13.0.3.tgz",
      "integrity": "sha512-Q4BM16Djl+Oah9UdGrvjFYgoftYB2jNd+rtRGPX5Mmxo09Ry/KiLbOZnoUyoIxKc1xPyfqMXuaVsAFQLYs0KEQ==",
      "optional": true
    },
    "@next/swc-win32-ia32-msvc": {
      "version": "13.0.3",
      "resolved": "https://registry.npmjs.org/@next/swc-win32-ia32-msvc/-/swc-win32-ia32-msvc-13.0.3.tgz",
      "integrity": "sha512-Sa8yGkNeRUsic8Qjf7MLIAfP0p0+einK/wIqJ8UO1y76j+8rRQu42AMs5H4Ax1fm9GEYq6I8njHtY59TVpTtGQ==",
      "optional": true
    },
    "@next/swc-win32-x64-msvc": {
      "version": "13.0.3",
      "resolved": "https://registry.npmjs.org/@next/swc-win32-x64-msvc/-/swc-win32-x64-msvc-13.0.3.tgz",
      "integrity": "sha512-IAptmSqA7k4tQzaw2NAkoEjj3+Dz9ceuvlEHwYh770MMDL4V0ku2m+UHrmn5HUCEDHhgwwjg2nyf6728q2jr1w==",
      "optional": true
    },
    "@swc/helpers": {
      "version": "0.4.11",
      "resolved": "https://registry.npmjs.org/@swc/helpers/-/helpers-0.4.11.tgz",
      "integrity": "sha512-rEUrBSGIoSFuYxwBYtlUFMlE2CwGhmW+w9355/5oduSw8e5h2+Tj4UrAGNNgP9915++wj5vkQo0UuOBqOAq4nw==",
      "requires": {
        "tslib": "^2.4.0"
      }
    },
    "@types/estree": {
      "version": "0.0.39",
      "resolved": "https://registry.npmjs.org/@types/estree/-/estree-0.0.39.tgz",
      "integrity": "sha512-EYNwp3bU+98cpU4lAWYYL7Zz+2gryWH1qbdDTidVd6hkiR6weksdbMadyXKXNPEkQFhXM+hVO9ZygomHXp+AIw==",
      "dev": true
    },
    "ansi-styles": {
      "version": "3.2.1",
      "resolved": "https://registry.npmjs.org/ansi-styles/-/ansi-styles-3.2.1.tgz",
      "integrity": "sha512-VT0ZI6kZRdTh8YyJw3SMbYm/u+NqfsAxEpWO0Pf9sq8/e94WxxOpPKx9FR1FlyCtOVDNOQ+8ntlqFxiRc+r5qA==",
      "dev": true,
      "requires": {
        "color-convert": "^1.9.0"
      }
    },
    "buffer-from": {
      "version": "1.1.1",
      "resolved": "https://registry.npmjs.org/buffer-from/-/buffer-from-1.1.1.tgz",
      "integrity": "sha512-MQcXEUbCKtEo7bhqEs6560Hyd4XaovZlO/k9V3hjVUF/zwW7KBVdSK4gIt/bzwS9MbR5qob+F5jusZsb0YQK2A==",
      "dev": true
    },
    "caniuse-lite": {
      "version": "1.0.30001431",
      "resolved": "https://registry.npmjs.org/caniuse-lite/-/caniuse-lite-1.0.30001431.tgz",
      "integrity": "sha512-zBUoFU0ZcxpvSt9IU66dXVT/3ctO1cy4y9cscs1szkPlcWb6pasYM144GqrUygUbT+k7cmUCW61cvskjcv0enQ=="
    },
    "chalk": {
      "version": "2.4.2",
      "resolved": "https://registry.npmjs.org/chalk/-/chalk-2.4.2.tgz",
      "integrity": "sha512-Mti+f9lpJNcwF4tWV8/OrTTtF1gZi+f8FqlyAdouralcFWFQWF2+NgCHShjkCb+IFBLq9buZwE1xckQU4peSuQ==",
      "dev": true,
      "requires": {
        "ansi-styles": "^3.2.1",
        "escape-string-regexp": "^1.0.5",
        "supports-color": "^5.3.0"
      },
      "dependencies": {
        "supports-color": {
          "version": "5.5.0",
          "resolved": "https://registry.npmjs.org/supports-color/-/supports-color-5.5.0.tgz",
          "integrity": "sha512-QjVjwdXIt408MIiAqCX4oUKsgU2EqAGzs2Ppkm4aQYbjm+ZEWEcW4SfFNTr4uMNZma0ey4f5lgLrkB0aX0QMow==",
          "dev": true,
          "requires": {
            "has-flag": "^3.0.0"
          }
        }
      }
    },
    "client-only": {
      "version": "0.0.1",
      "resolved": "https://registry.npmjs.org/client-only/-/client-only-0.0.1.tgz",
      "integrity": "sha512-IV3Ou0jSMzZrd3pZ48nLkT9DA7Ag1pnPzaiQhpW7c3RbcqqzvzzVu+L8gfqMp/8IM2MQtSiqaCxrrcfu8I8rMA=="
    },
    "color-convert": {
      "version": "1.9.3",
      "resolved": "https://registry.npmjs.org/color-convert/-/color-convert-1.9.3.tgz",
      "integrity": "sha512-QfAUtd+vFdAtFQcC8CCyYt1fYWxSqAiK2cSD6zDB8N3cpsEBAvRxp9zOGg6G/SHHJYAT88/az/IuDGALsNVbGg==",
      "dev": true,
      "requires": {
        "color-name": "1.1.3"
      }
    },
    "color-name": {
      "version": "1.1.3",
      "resolved": "https://registry.npmjs.org/color-name/-/color-name-1.1.3.tgz",
      "integrity": "sha1-p9BVi9icQveV3UIyj3QIMcpTvCU=",
      "dev": true
    },
    "commander": {
      "version": "2.20.3",
      "resolved": "https://registry.npmjs.org/commander/-/commander-2.20.3.tgz",
      "integrity": "sha512-GpVkmM8vF2vQUkj2LvZmD35JxeJOLCwJ9cUkugyk2nuhbv3+mJvpLYYt+0+USMxE+oj+ey/lJEnhZw75x/OMcQ==",
      "dev": true
    },
    "escape-string-regexp": {
      "version": "1.0.5",
      "resolved": "https://registry.npmjs.org/escape-string-regexp/-/escape-string-regexp-1.0.5.tgz",
      "integrity": "sha1-G2HAViGQqN/2rjuyzwIAyhMLhtQ=",
      "dev": true
    },
    "estree-walker": {
      "version": "0.6.1",
      "resolved": "https://registry.npmjs.org/estree-walker/-/estree-walker-0.6.1.tgz",
      "integrity": "sha512-SqmZANLWS0mnatqbSfRP5g8OXZC12Fgg1IwNtLsyHDzJizORW4khDfjPqJZsemPWBB2uqykUah5YpQ6epsqC/w==",
      "dev": true
    },
    "has-flag": {
      "version": "3.0.0",
      "resolved": "https://registry.npmjs.org/has-flag/-/has-flag-3.0.0.tgz",
      "integrity": "sha1-tdRU3CGZriJWmfNGfloH87lVuv0=",
      "dev": true
    },
    "is-reference": {
      "version": "1.1.4",
      "resolved": "https://registry.npmjs.org/is-reference/-/is-reference-1.1.4.tgz",
      "integrity": "sha512-uJA/CDPO3Tao3GTrxYn6AwkM4nUPJiGGYu5+cB8qbC7WGFlrKZbiRo7SFKxUAEpFUfiHofWCXBUNhvYJMh+6zw==",
      "dev": true,
      "requires": {
        "@types/estree": "0.0.39"
      }
    },
    "isomorphic-unfetch": {
      "version": "3.0.0",
      "resolved": "https://registry.npmjs.org/isomorphic-unfetch/-/isomorphic-unfetch-3.0.0.tgz",
      "integrity": "sha512-V0tmJSYfkKokZ5mgl0cmfQMTb7MLHsBMngTkbLY0eXvKqiVRRoZP04Ly+KhKrJfKtzC9E6Pp15Jo+bwh7Vi2XQ==",
      "requires": {
        "node-fetch": "^2.2.0",
        "unfetch": "^4.0.0"
      }
    },
    "jest-worker": {
      "version": "24.9.0",
      "resolved": "https://registry.npmjs.org/jest-worker/-/jest-worker-24.9.0.tgz",
      "integrity": "sha512-51PE4haMSXcHohnSMdM42anbvZANYTqMrr52tVKPqqsPJMzoP6FYYDVqahX/HrAoKEKz3uUPzSvKs9A3qR4iVw==",
      "dev": true,
      "requires": {
        "merge-stream": "^2.0.0",
        "supports-color": "^6.1.0"
      }
    },
    "js-tokens": {
      "version": "4.0.0",
      "resolved": "https://registry.npmjs.org/js-tokens/-/js-tokens-4.0.0.tgz",
      "integrity": "sha512-RdJUflcE3cUzKiMqQgsCu06FPu9UdIJO0beYbPhHN4k6apgJtifcoCtT9bcxOpYBtpD2kCM6Sbzg4CausW/PKQ=="
    },
    "loose-envify": {
      "version": "1.4.0",
      "resolved": "https://registry.npmjs.org/loose-envify/-/loose-envify-1.4.0.tgz",
      "integrity": "sha512-lyuxPGr/Wfhrlem2CL/UcnUc1zcqKAImBDzukY7Y5F/yQiNdko6+fRLevlw1HgMySw7f611UIY408EtxRSoK3Q==",
      "requires": {
        "js-tokens": "^3.0.0 || ^4.0.0"
      }
    },
    "magic-string": {
      "version": "0.25.7",
      "resolved": "https://registry.npmjs.org/magic-string/-/magic-string-0.25.7.tgz",
      "integrity": "sha512-4CrMT5DOHTDk4HYDlzmwu4FVCcIYI8gauveasrdCu2IKIFOJ3f0v/8MDGJCDL9oD2ppz/Av1b0Nj345H9M+XIA==",
      "dev": true,
      "requires": {
        "sourcemap-codec": "^1.4.4"
      }
    },
    "merge-stream": {
      "version": "2.0.0",
      "resolved": "https://registry.npmjs.org/merge-stream/-/merge-stream-2.0.0.tgz",
      "integrity": "sha512-abv/qOcuPfk3URPfDzmZU1LKmuw8kT+0nIHvKrKgFrwifol/doWcdA4ZqsWQ8ENrFKkd67Mfpo/LovbIUsbt3w==",
      "dev": true
    },
    "nanoid": {
      "version": "3.3.4",
      "resolved": "https://registry.npmjs.org/nanoid/-/nanoid-3.3.4.tgz",
      "integrity": "sha512-MqBkQh/OHTS2egovRtLk45wEyNXwF+cokD+1YPf9u5VfJiRdAiRwB2froX5Co9Rh20xs4siNPm8naNotSD6RBw=="
    },
    "next": {
      "version": "13.0.3",
      "resolved": "https://registry.npmjs.org/next/-/next-13.0.3.tgz",
      "integrity": "sha512-rFQeepcenRxKzeKlh1CsmEnxsJwhIERtbUjmYnKZyDInZsU06lvaGw5DT44rlNp1Rv2MT/e9vffZ8vK+ytwXHA==",
      "requires": {
        "@next/env": "13.0.3",
        "@next/swc-android-arm-eabi": "13.0.3",
        "@next/swc-android-arm64": "13.0.3",
        "@next/swc-darwin-arm64": "13.0.3",
        "@next/swc-darwin-x64": "13.0.3",
        "@next/swc-freebsd-x64": "13.0.3",
        "@next/swc-linux-arm-gnueabihf": "13.0.3",
        "@next/swc-linux-arm64-gnu": "13.0.3",
        "@next/swc-linux-arm64-musl": "13.0.3",
        "@next/swc-linux-x64-gnu": "13.0.3",
        "@next/swc-linux-x64-musl": "13.0.3",
        "@next/swc-win32-arm64-msvc": "13.0.3",
        "@next/swc-win32-ia32-msvc": "13.0.3",
        "@next/swc-win32-x64-msvc": "13.0.3",
        "@swc/helpers": "0.4.11",
        "caniuse-lite": "^1.0.30001406",
        "postcss": "8.4.14",
        "styled-jsx": "5.1.0",
        "use-sync-external-store": "1.2.0"
      }
    },
    "node-fetch": {
      "version": "2.6.0",
      "resolved": "https://registry.npmjs.org/node-fetch/-/node-fetch-2.6.0.tgz",
      "integrity": "sha512-8dG4H5ujfvFiqDmVu9fQ5bOHUC15JMjMY/Zumv26oOvvVJjM67KF8koCWIabKQ1GJIa9r2mMZscBq/TbdOcmNA=="
    },
    "nprogress": {
      "version": "0.2.0",
      "resolved": "https://registry.npmjs.org/nprogress/-/nprogress-0.2.0.tgz",
      "integrity": "sha1-y480xTIT2JVyP8urkH6UIq28r7E="
    },
    "object-assign": {
      "version": "4.1.1",
      "resolved": "https://registry.npmjs.org/object-assign/-/object-assign-4.1.1.tgz",
      "integrity": "sha1-IQmtx5ZYh8/AXLvUQsrIv7s2CGM="
    },
    "path-parse": {
      "version": "1.0.6",
      "resolved": "https://registry.npmjs.org/path-parse/-/path-parse-1.0.6.tgz",
      "integrity": "sha512-GSmOT2EbHrINBf9SR7CDELwlJ8AENk3Qn7OikK4nFYAu3Ote2+JYNVvkpAEQm3/TLNEJFD/xZJjzyxg3KBWOzw==",
      "dev": true
    },
    "picocolors": {
      "version": "1.0.0",
      "resolved": "https://registry.npmjs.org/picocolors/-/picocolors-1.0.0.tgz",
      "integrity": "sha512-1fygroTLlHu66zi26VoTDv8yRgm0Fccecssto+MhsZ0D/DGW2sm8E8AjW7NU5VVTRt5GxbeZ5qBuJr+HyLYkjQ=="
    },
    "postcss": {
      "version": "8.4.14",
      "resolved": "https://registry.npmjs.org/postcss/-/postcss-8.4.14.tgz",
      "integrity": "sha512-E398TUmfAYFPBSdzgeieK2Y1+1cpdxJx8yXbK/m57nRhKSmk1GB2tO4lbLBtlkfPQTDKfe4Xqv1ASWPpayPEig==",
      "requires": {
        "nanoid": "^3.3.4",
        "picocolors": "^1.0.0",
        "source-map-js": "^1.0.2"
      }
    },
    "prop-types": {
      "version": "15.7.2",
      "resolved": "https://registry.npmjs.org/prop-types/-/prop-types-15.7.2.tgz",
      "integrity": "sha512-8QQikdH7//R2vurIJSutZ1smHYTcLpRWEOlHnzcWHmBYrOGUysKwSsrC89BCiFj3CbrfJ/nXFdJepOVrY1GCHQ==",
      "requires": {
        "loose-envify": "^1.4.0",
        "object-assign": "^4.1.1",
        "react-is": "^16.8.1"
      }
    },
    "react": {
      "version": "16.13.1",
      "resolved": "https://registry.npmjs.org/react/-/react-16.13.1.tgz",
      "integrity": "sha512-YMZQQq32xHLX0bz5Mnibv1/LHb3Sqzngu7xstSM+vrkE5Kzr9xE0yMByK5kMoTK30YVJE61WfbxIFFvfeDKT1w==",
      "requires": {
        "loose-envify": "^1.1.0",
        "object-assign": "^4.1.1",
        "prop-types": "^15.6.2"
      }
    },
    "react-dom": {
      "version": "16.13.1",
      "resolved": "https://registry.npmjs.org/react-dom/-/react-dom-16.13.1.tgz",
      "integrity": "sha512-81PIMmVLnCNLO/fFOQxdQkvEq/+Hfpv24XNJfpyZhTRfO0QcmQIF/PgCa1zCOj2w1hrn12MFLyaJ/G0+Mxtfag==",
      "requires": {
        "loose-envify": "^1.1.0",
        "object-assign": "^4.1.1",
        "prop-types": "^15.6.2",
        "scheduler": "^0.19.1"
      }
    },
    "react-is": {
      "version": "16.13.1",
      "resolved": "https://registry.npmjs.org/react-is/-/react-is-16.13.1.tgz",
      "integrity": "sha512-24e6ynE2H+OKt4kqsOvNd8kBpV65zoxbA4BVsEOB3ARVWQki/DHzaUoC5KuON/BiccDaCCTZBuOcfZs70kR8bQ=="
    },
    "resolve": {
      "version": "1.17.0",
      "resolved": "https://registry.npmjs.org/resolve/-/resolve-1.17.0.tgz",
      "integrity": "sha512-ic+7JYiV8Vi2yzQGFWOkiZD5Z9z7O2Zhm9XMaTxdJExKasieFCr+yXZ/WmXsckHiKl12ar0y6XiXDx3m4RHn1w==",
      "dev": true,
      "requires": {
        "path-parse": "^1.0.6"
      }
    },
    "rollup-plugin-commonjs": {
      "version": "10.1.0",
      "resolved": "https://registry.npmjs.org/rollup-plugin-commonjs/-/rollup-plugin-commonjs-10.1.0.tgz",
      "integrity": "sha512-jlXbjZSQg8EIeAAvepNwhJj++qJWNJw1Cl0YnOqKtP5Djx+fFGkp3WRh+W0ASCaFG5w1jhmzDxgu3SJuVxPF4Q==",
      "dev": true,
      "requires": {
        "estree-walker": "^0.6.1",
        "is-reference": "^1.1.2",
        "magic-string": "^0.25.2",
        "resolve": "^1.11.0",
        "rollup-pluginutils": "^2.8.1"
      }
    },
    "rollup-plugin-replace": {
      "version": "2.2.0",
      "resolved": "https://registry.npmjs.org/rollup-plugin-replace/-/rollup-plugin-replace-2.2.0.tgz",
      "integrity": "sha512-/5bxtUPkDHyBJAKketb4NfaeZjL5yLZdeUihSfbF2PQMz+rSTEb8ARKoOl3UBT4m7/X+QOXJo3sLTcq+yMMYTA==",
      "dev": true,
      "requires": {
        "magic-string": "^0.25.2",
        "rollup-pluginutils": "^2.6.0"
      }
    },
    "rollup-plugin-terser": {
      "version": "5.3.0",
      "resolved": "https://registry.npmjs.org/rollup-plugin-terser/-/rollup-plugin-terser-5.3.0.tgz",
      "integrity": "sha512-XGMJihTIO3eIBsVGq7jiNYOdDMb3pVxuzY0uhOE/FM4x/u9nQgr3+McsjzqBn3QfHIpNSZmFnpoKAwHBEcsT7g==",
      "dev": true,
      "requires": {
        "@babel/code-frame": "^7.5.5",
        "jest-worker": "^24.9.0",
        "rollup-pluginutils": "^2.8.2",
        "serialize-javascript": "^2.1.2",
        "terser": "^4.6.2"
      }
    },
    "rollup-pluginutils": {
      "version": "2.8.2",
      "resolved": "https://registry.npmjs.org/rollup-pluginutils/-/rollup-pluginutils-2.8.2.tgz",
      "integrity": "sha512-EEp9NhnUkwY8aif6bxgovPHMoMoNr2FulJziTndpt5H9RdwC47GSGuII9XxpSdzVGM0GWrNPHV6ie1LTNJPaLQ==",
      "dev": true,
      "requires": {
        "estree-walker": "^0.6.1"
      }
    },
    "scheduler": {
      "version": "0.19.1",
      "resolved": "https://registry.npmjs.org/scheduler/-/scheduler-0.19.1.tgz",
      "integrity": "sha512-n/zwRWRYSUj0/3g/otKDRPMh6qv2SYMWNq85IEa8iZyAv8od9zDYpGSnpBEjNgcMNq6Scbu5KfIPxNF72R/2EA==",
      "requires": {
        "loose-envify": "^1.1.0",
        "object-assign": "^4.1.1"
      }
    },
    "serialize-javascript": {
      "version": "2.1.2",
      "resolved": "https://registry.npmjs.org/serialize-javascript/-/serialize-javascript-2.1.2.tgz",
      "integrity": "sha512-rs9OggEUF0V4jUSecXazOYsLfu7OGK2qIn3c7IPBiffz32XniEp/TX9Xmc9LQfK2nQ2QKHvZ2oygKUGU0lG4jQ==",
      "dev": true
    },
    "source-map": {
      "version": "0.6.1",
      "resolved": "https://registry.npmjs.org/source-map/-/source-map-0.6.1.tgz",
      "integrity": "sha512-UjgapumWlbMhkBgzT7Ykc5YXUT46F0iKu8SGXq0bcwP5dz/h0Plj6enJqjz1Zbq2l5WaqYnrVbwWOWMyF3F47g==",
      "dev": true
    },
    "source-map-js": {
      "version": "1.0.2",
      "resolved": "https://registry.npmjs.org/source-map-js/-/source-map-js-1.0.2.tgz",
      "integrity": "sha512-R0XvVJ9WusLiqTCEiGCmICCMplcCkIwwR11mOSD9CR5u+IXYdiseeEuXCVAjS54zqwkLcPNnmU4OeJ6tUrWhDw=="
    },
    "source-map-support": {
      "version": "0.5.19",
      "resolved": "https://registry.npmjs.org/source-map-support/-/source-map-support-0.5.19.tgz",
      "integrity": "sha512-Wonm7zOCIJzBGQdB+thsPar0kYuCIzYvxZwlBa87yi/Mdjv7Tip2cyVbLj5o0cFPN4EVkuTwb3GDDyUx2DGnGw==",
      "dev": true,
      "requires": {
        "buffer-from": "^1.0.0",
        "source-map": "^0.6.0"
      }
    },
    "sourcemap-codec": {
      "version": "1.4.8",
      "resolved": "https://registry.npmjs.org/sourcemap-codec/-/sourcemap-codec-1.4.8.tgz",
      "integrity": "sha512-9NykojV5Uih4lgo5So5dtw+f0JgJX30KCNI8gwhz2J9A15wD0Ml6tjHKwf6fTSa6fAdVBdZeNOs9eJ71qCk8vA==",
      "dev": true
    },
    "styled-jsx": {
      "version": "5.1.0",
      "resolved": "https://registry.npmjs.org/styled-jsx/-/styled-jsx-5.1.0.tgz",
      "integrity": "sha512-/iHaRJt9U7T+5tp6TRelLnqBqiaIT0HsO0+vgyj8hK2KUk7aejFqRrumqPUlAqDwAj8IbS/1hk3IhBAAK/FCUQ==",
      "requires": {
        "client-only": "0.0.1"
      }
    },
    "supports-color": {
      "version": "6.1.0",
      "resolved": "https://registry.npmjs.org/supports-color/-/supports-color-6.1.0.tgz",
      "integrity": "sha512-qe1jfm1Mg7Nq/NSh6XE24gPXROEVsWHxC1LIx//XNlD9iw7YZQGjZNjYN7xGaEG6iKdA8EtNFW6R0gjnVXp+wQ==",
      "dev": true,
      "requires": {
        "has-flag": "^3.0.0"
      }
    },
    "terser": {
      "version": "4.6.13",
      "resolved": "https://registry.npmjs.org/terser/-/terser-4.6.13.tgz",
      "integrity": "sha512-wMvqukYgVpQlymbnNbabVZbtM6PN63AzqexpwJL8tbh/mRT9LE5o+ruVduAGL7D6Fpjl+Q+06U5I9Ul82odAhw==",
      "dev": true,
      "requires": {
        "commander": "^2.20.0",
        "source-map": "~0.6.1",
        "source-map-support": "~0.5.12"
      }
    },
    "tslib": {
      "version": "2.4.1",
      "resolved": "https://registry.npmjs.org/tslib/-/tslib-2.4.1.tgz",
      "integrity": "sha512-tGyy4dAjRIEwI7BzsB0lynWgOpfqjUdq91XXAlIWD2OwKBH7oCl/GZG/HT4BOHrTlPMOASlMQ7veyTqpmRcrNA=="
    },
    "unfetch": {
      "version": "4.1.0",
      "resolved": "https://registry.npmjs.org/unfetch/-/unfetch-4.1.0.tgz",
      "integrity": "sha512-crP/n3eAPUJxZXM9T80/yv0YhkTEx2K1D3h7D1AJM6fzsWZrxdyRuLN0JH/dkZh1LNH8LxCnBzoPFCPbb2iGpg=="
    },
    "use-sync-external-store": {
      "version": "1.2.0",
      "resolved": "https://registry.npmjs.org/use-sync-external-store/-/use-sync-external-store-1.2.0.tgz",
      "integrity": "sha512-eEgnFxGQ1Ife9bzYs6VLi8/4X6CObHMw9Qr9tPY43iKwsPw8xE8+EFsf/2cFZ5S3esXgpWgtSCtLNS41F+sKPA=="
    }
  }
}
